
Microsoft Visual Studio Solution File, Format Version 12.00
# Visual Studio Version 17
VisualStudioVersion = 17.1.32421.90
MinimumVisualStudioVersion = 10.0.40219.1
Project("{FAE04EC0-301F-11D3-BF4B-00C04F79EFBC}") = "Sentence.Construction.Api", "..\src\Sentence.Construction.Api\Sentence.Construction.Api.csproj", "{3F808E5D-275B-49FF-8678-EE1B2915960D}"
EndProject
Project("{FAE04EC0-301F-11D3-BF4B-00C04F79EFBC}") = "Sentence.Construction.Core", "..\src\Sentence.Construction.Core\Sentence.Construction.Core.csproj", "{EBBBEAFC-39B6-4713-B0F0-D9C3D1E47FE3}"
EndProject
Project("{FAE04EC0-301F-11D3-BF4B-00C04F79EFBC}") = "Sentence.Construction.Repository", "..\src\Sentence.Construction.Repository\Sentence.Construction.Repository.csproj", "{2985E77E-0007-4C67-9DFC-6081B5A41C3B}"
EndProject
Global
	GlobalSection(SolutionConfigurationPlatforms) = preSolution
		Debug|Any CPU = Debug|Any CPU
		Release|Any CPU = Release|Any CPU
	EndGlobalSection
	GlobalSection(ProjectConfigurationPlatforms) = postSolution
		{3F808E5D-275B-49FF-8678-EE1B2915960D}.Debug|Any CPU.ActiveCfg = Debug|Any CPU
		{3F808E5D-275B-49FF-8678-EE1B2915960D}.Debug|Any CPU.Build.0 = Debug|Any CPU
		{3F808E5D-275B-49FF-8678-EE1B2915960D}.Release|Any CPU.ActiveCfg = Release|Any CPU
		{3F808E5D-275B-49FF-8678-EE1B2915960D}.Release|Any CPU.Build.0 = Release|Any CPU
		{EBBBEAFC-39B6-4713-B0F0-D9C3D1E47FE3}.Debug|Any CPU.ActiveCfg = Debug|Any CPU
		{EBBBEAFC-39B6-4713-B0F0-D9C3D1E47FE3}.Debug|Any CPU.Build.0 = Debug|Any CPU
		{EBBBEAFC-39B6-4713-B0F0-D9C3D1E47FE3}.Release|Any CPU.ActiveCfg = Release|Any CPU
		{EBBBEAFC-39B6-4713-B0F0-D9C3D1E47FE3}.Release|Any CPU.Build.0 = Release|Any CPU
		{2985E77E-0007-4C67-9DFC-6081B5A41C3B}.Debug|Any CPU.ActiveCfg = Debug|Any CPU
		{2985E77E-0007-4C67-9DFC-6081B5A41C3B}.Debug|Any CPU.Build.0 = Debug|Any CPU
		{2985E77E-0007-4C67-9DFC-6081B5A41C3B}.Release|Any CPU.ActiveCfg = Release|Any CPU
		{2985E77E-0007-4C67-9DFC-6081B5A41C3B}.Release|Any CPU.Build.0 = Release|Any CPU
	EndGlobalSection
	GlobalSection(SolutionProperties) = preSolution
		HideSolutionNode = FALSE
	EndGlobalSection
	GlobalSection(ExtensibilityGlobals) = postSolution
		SolutionGuid = {39E97904-FB75-45C5-9EC0-79120FEA86E0}
	EndGlobalSection
EndGlobal
